
Microsoft Visual Studio Solution File, Format Version 12.00
Project("{FAE04EC0-301F-11D3-BF4B-00C04F79EFBC}") = "AppTeste", "AppTeste\AppTeste.csproj", "{14983798-8042-4C99-8392-281395FD39EA}"
EndProject
Project("{FAE04EC0-301F-11D3-BF4B-00C04F79EFBC}") = "TestProject", "TestProject\TestProject.csproj", "{34A694F8-405E-4CA4-B7DB-D6D1FD69D74D}"
EndProject
Project("{FAE04EC0-301F-11D3-BF4B-00C04F79EFBC}") = "apiTeste", "apiTeste\apiTeste.csproj", "{D3E4EE30-D7AE-43E2-BF4C-6E2B289EDF03}"
EndProject
Global
	GlobalSection(SolutionConfigurationPlatforms) = preSolution
		Debug|Any CPU = Debug|Any CPU
		Release|Any CPU = Release|Any CPU
	EndGlobalSection
	GlobalSection(ProjectConfigurationPlatforms) = postSolution
		{14983798-8042-4C99-8392-281395FD39EA}.Debug|Any CPU.ActiveCfg = Debug|Any CPU
		{14983798-8042-4C99-8392-281395FD39EA}.Debug|Any CPU.Build.0 = Debug|Any CPU
		{14983798-8042-4C99-8392-281395FD39EA}.Release|Any CPU.ActiveCfg = Release|Any CPU
		{14983798-8042-4C99-8392-281395FD39EA}.Release|Any CPU.Build.0 = Release|Any CPU
		{34A694F8-405E-4CA4-B7DB-D6D1FD69D74D}.Debug|Any CPU.ActiveCfg = Debug|Any CPU
		{34A694F8-405E-4CA4-B7DB-D6D1FD69D74D}.Debug|Any CPU.Build.0 = Debug|Any CPU
		{34A694F8-405E-4CA4-B7DB-D6D1FD69D74D}.Release|Any CPU.ActiveCfg = Release|Any CPU
		{34A694F8-405E-4CA4-B7DB-D6D1FD69D74D}.Release|Any CPU.Build.0 = Release|Any CPU
		{D3E4EE30-D7AE-43E2-BF4C-6E2B289EDF03}.Debug|Any CPU.ActiveCfg = Debug|Any CPU
		{D3E4EE30-D7AE-43E2-BF4C-6E2B289EDF03}.Debug|Any CPU.Build.0 = Debug|Any CPU
		{D3E4EE30-D7AE-43E2-BF4C-6E2B289EDF03}.Release|Any CPU.ActiveCfg = Release|Any CPU
		{D3E4EE30-D7AE-43E2-BF4C-6E2B289EDF03}.Release|Any CPU.Build.0 = Release|Any CPU
	EndGlobalSection
EndGlobal
